
Microsoft Visual Studio Solution File, Format Version 12.00
# Visual Studio Version 17
VisualStudioVersion = 17.4.33403.182
MinimumVisualStudioVersion = 10.0.40219.1
Project("{FAE04EC0-301F-11D3-BF4B-00C04F79EFBC}") = "GeneratingPeople", "GeneratingPeople\GeneratingPeople.csproj", "{37AE1E2B-62DA-4C01-8634-6DDAADF6CF05}"
EndProject
Global
	GlobalSection(SolutionConfigurationPlatforms) = preSolution
		Debug|Any CPU = Debug|Any CPU
		Release|Any CPU = Release|Any CPU
	EndGlobalSection
	GlobalSection(ProjectConfigurationPlatforms) = postSolution
		{37AE1E2B-62DA-4C01-8634-6DDAADF6CF05}.Debug|Any CPU.ActiveCfg = Debug|Any CPU
		{37AE1E2B-62DA-4C01-8634-6DDAADF6CF05}.Debug|Any CPU.Build.0 = Debug|Any CPU
		{37AE1E2B-62DA-4C01-8634-6DDAADF6CF05}.Release|Any CPU.ActiveCfg = Release|Any CPU
		{37AE1E2B-62DA-4C01-8634-6DDAADF6CF05}.Release|Any CPU.Build.0 = Release|Any CPU
	EndGlobalSection
	GlobalSection(SolutionProperties) = preSolution
		HideSolutionNode = FALSE
	EndGlobalSection
	GlobalSection(ExtensibilityGlobals) = postSolution
		SolutionGuid = {BF463B52-F53A-462C-9A9E-BA54BADCF504}
	EndGlobalSection
EndGlobal
